PODS:
  - AFNetworking (3.2.0):
    - AFNetworking/NSURLSession (= 3.2.0)
    - AFNetworking/Reachability (= 3.2.0)
    - AFNetworking/Security (= 3.2.0)
    - AFNetworking/Serialization (= 3.2.0)
    - AFNetworking/UIKit (= 3.2.0)
  - AFNetworking/NSURLSession (3.2.0):
    - AFNetworking/Reachability
    - AFNetworking/Security
    - AFNetworking/Serialization
  - AFNetworking/Reachability (3.2.0)
  - AFNetworking/Security (3.2.0)
  - AFNetworking/Serialization (3.2.0)
  - AFNetworking/UIKit (3.2.0):
    - AFNetworking/NSURLSession
  - Retriable (1.0.0)

DEPENDENCIES:
  - AFNetworking
  - Retriable

SPEC REPOS:
  https://github.com/CocoaPods/Specs.git:
    - AFNetworking
    - Retriable

SPEC CHECKSUMS:
  AFNetworking: 8ac6017b94ea105479f7776e5288e48ae9c59bb4
  Retriable: 175cddd65116f167d89d838d9a09174be2fa0a65

PODFILE CHECKSUM: bba34622366e2411c9d1bbd953d08ab4722f46e4

COCOAPODS: 1.5.0
